
Microsoft Visual Studio Solution File, Format Version 12.00
# Visual Studio 14
VisualStudioVersion = 14.0.25420.1
MinimumVisualStudioVersion = 10.0.40219.1
Project("{FAE04EC0-301F-11D3-BF4B-00C04F79EFBC}") = "COM3D2.ModMenuAccel.Patcher", "COM3D2.ModMenuAccel.Patcher\COM3D2.ModMenuAccel.Patcher.csproj", "{B4CC1E48-87D9-4C4D-895E-D6AB4DCDE9F3}"
EndProject
Project("{FAE04EC0-301F-11D3-BF4B-00C04F79EFBC}") = "COM3D2.ModMenuAccel.Hook", "..\COM3D2.ModMenuAccel.Hook\COM3D2.ModMenuAccel.Hook\COM3D2.ModMenuAccel.Hook.csproj", "{8645214F-62FE-4096-A7F5-7D38AA902911}"
EndProject
Global
	GlobalSection(SolutionConfigurationPlatforms) = preSolution
		Debug|Any CPU = Debug|Any CPU
		Release|Any CPU = Release|Any CPU
	EndGlobalSection
	GlobalSection(ProjectConfigurationPlatforms) = postSolution
		{B4CC1E48-87D9-4C4D-895E-D6AB4DCDE9F3}.Debug|Any CPU.ActiveCfg = Debug|Any CPU
		{B4CC1E48-87D9-4C4D-895E-D6AB4DCDE9F3}.Debug|Any CPU.Build.0 = Debug|Any CPU
		{B4CC1E48-87D9-4C4D-895E-D6AB4DCDE9F3}.Release|Any CPU.ActiveCfg = Release|Any CPU
		{B4CC1E48-87D9-4C4D-895E-D6AB4DCDE9F3}.Release|Any CPU.Build.0 = Release|Any CPU
		{8645214F-62FE-4096-A7F5-7D38AA902911}.Debug|Any CPU.ActiveCfg = Debug|Any CPU
		{8645214F-62FE-4096-A7F5-7D38AA902911}.Debug|Any CPU.Build.0 = Debug|Any CPU
		{8645214F-62FE-4096-A7F5-7D38AA902911}.Release|Any CPU.ActiveCfg = Release|Any CPU
		{8645214F-62FE-4096-A7F5-7D38AA902911}.Release|Any CPU.Build.0 = Release|Any CPU
	EndGlobalSection
	GlobalSection(SolutionProperties) = preSolution
		HideSolutionNode = FALSE
	EndGlobalSection
EndGlobal
